// !$*UTF8*$!
{
	archiveVersion = 1;
	classes = {
	};
	objectVersion = 56;
	objects = {

/* Begin PBXBuildFile section */
		CB25CB5B2AFC034200F985D0 /* AppetizersApp.swift in Sources */ = {isa = PBXBuildFile; fileRef = CB25CB5A2AFC034200F985D0 /* AppetizersApp.swift */; };
		CB25CB5D2AFC034200F985D0 /* AppetizerTabView.swift in Sources */ = {isa = PBXBuildFile; fileRef = CB25CB5C2AFC034200F985D0 /* AppetizerTabView.swift */; };
		CB25CB5F2AFC034500F985D0 /* Assets.xcassets in Resources */ = {isa = PBXBuildFile; fileRef = CB25CB5E2AFC034500F985D0 /* Assets.xcassets */; };
		CB25CB622AFC034500F985D0 /* Preview Assets.xcassets in Resources */ = {isa = PBXBuildFile; fileRef = CB25CB612AFC034500F985D0 /* Preview Assets.xcassets */; };
		CB25CB692AFC041D00F985D0 /* AppetizerListView.swift in Sources */ = {isa = PBXBuildFile; fileRef = CB25CB682AFC041D00F985D0 /* AppetizerListView.swift */; };
		CB25CB6B2AFC043100F985D0 /* AccountView.swift in Sources */ = {isa = PBXBuildFile; fileRef = CB25CB6A2AFC043100F985D0 /* AccountView.swift */; };
		CB25CB6D2AFC044E00F985D0 /* OrderView.swift in Sources */ = {isa = PBXBuildFile; fileRef = CB25CB6C2AFC044E00F985D0 /* OrderView.swift */; };
		CB25CB6F2AFC10B700F985D0 /* Appetizer.swift in Sources */ = {isa = PBXBuildFile; fileRef = CB25CB6E2AFC10B700F985D0 /* Appetizer.swift */; };
		CB25CB712AFC19F200F985D0 /* AppetizerListCell.swift in Sources */ = {isa = PBXBuildFile; fileRef = CB25CB702AFC19F100F985D0 /* AppetizerListCell.swift */; };
		CB25CB732AFC1B2F00F985D0 /* NetworkManager.swift in Sources */ = {isa = PBXBuildFile; fileRef = CB25CB722AFC1B2F00F985D0 /* NetworkManager.swift */; };
		CB25CB752AFC1C4B00F985D0 /* APError.swift in Sources */ = {isa = PBXBuildFile; fileRef = CB25CB742AFC1C4B00F985D0 /* APError.swift */; };
		CB25CB772AFC242C00F985D0 /* AppetizerListViewModel.swift in Sources */ = {isa = PBXBuildFile; fileRef = CB25CB762AFC242C00F985D0 /* AppetizerListViewModel.swift */; };
		CB25CB792AFC272900F985D0 /* Alert.swift in Sources */ = {isa = PBXBuildFile; fileRef = CB25CB782AFC272900F985D0 /* Alert.swift */; };
		CB25CB7B2AFC2C9A00F985D0 /* LoadingView.swift in Sources */ = {isa = PBXBuildFile; fileRef = CB25CB7A2AFC2C9A00F985D0 /* LoadingView.swift */; };
		CB25CB7D2AFC2D6A00F985D0 /* Color+Ext.swift in Sources */ = {isa = PBXBuildFile; fileRef = CB25CB7C2AFC2D6A00F985D0 /* Color+Ext.swift */; };
		CBAC140F2B0014DA00DDB73F /* RemoteImage.swift in Sources */ = {isa = PBXBuildFile; fileRef = CBAC140E2B0014DA00DDB73F /* RemoteImage.swift */; };
		CBAC141E2B001D7400DDB73F /* AppetizerDetailView.swift in Sources */ = {isa = PBXBuildFile; fileRef = CBAC141D2B001D7400DDB73F /* AppetizerDetailView.swift */; };
		CBAC14212B002C6600DDB73F /* APButton.swift in Sources */ = {isa = PBXBuildFile; fileRef = CBAC14202B002C6600DDB73F /* APButton.swift */; };
		CBAC14232B002D7B00DDB73F /* XDismissButton.swift in Sources */ = {isa = PBXBuildFile; fileRef = CBAC14222B002D7B00DDB73F /* XDismissButton.swift */; };
		CBAC14252B0034B000DDB73F /* AccountViewModel.swift in Sources */ = {isa = PBXBuildFile; fileRef = CBAC14242B0034B000DDB73F /* AccountViewModel.swift */; };
		CBAC14272B00369A00DDB73F /* String+Ext.swift in Sources */ = {isa = PBXBuildFile; fileRef = CBAC14262B00369A00DDB73F /* String+Ext.swift */; };
		CBAC14292B00619300DDB73F /* User.swift in Sources */ = {isa = PBXBuildFile; fileRef = CBAC14282B00619300DDB73F /* User.swift */; };
		CBAC142C2B00741500DDB73F /* EmptyState.swift in Sources */ = {isa = PBXBuildFile; fileRef = CBAC142B2B00741500DDB73F /* EmptyState.swift */; };
		CBAC142E2B00774C00DDB73F /* Order.swift in Sources */ = {isa = PBXBuildFile; fileRef = CBAC142D2B00774C00DDB73F /* Order.swift */; };
/* End PBXBuildFile section */

/* Begin PBXFileReference section */
		CB25CB572AFC034100F985D0 /* Appetizers.app */ = {isa = PBXFileReference; explicitFileType = wrapper.application; includeInIndex = 0; path = Appetizers.app; sourceTree = BUILT_PRODUCTS_DIR; };
		CB25CB5A2AFC034200F985D0 /* AppetizersApp.swift */ = {isa = PBXFileReference; lastKnownFileType = sourcecode.swift; path = AppetizersApp.swift; sourceTree = "<group>"; };
		CB25CB5C2AFC034200F985D0 /* AppetizerTabView.swift */ = {isa = PBXFileReference; lastKnownFileType = sourcecode.swift; path = AppetizerTabView.swift; sourceTree = "<group>"; };
		CB25CB5E2AFC034500F985D0 /* Assets.xcassets */ = {isa = PBXFileReference; lastKnownFileType = folder.assetcatalog; path = Assets.xcassets; sourceTree = "<group>"; };
		CB25CB612AFC034500F985D0 /* Preview Assets.xcassets */ = {isa = PBXFileReference; lastKnownFileType = folder.assetcatalog; path = "Preview Assets.xcassets"; sourceTree = "<group>"; };
		CB25CB682AFC041D00F985D0 /* AppetizerListView.swift */ = {isa = PBXFileReference; lastKnownFileType = sourcecode.swift; path = AppetizerListView.swift; sourceTree = "<group>"; };
		CB25CB6A2AFC043100F985D0 /* AccountView.swift */ = {isa = PBXFileReference; lastKnownFileType = sourcecode.swift; path = AccountView.swift; sourceTree = "<group>"; };
		CB25CB6C2AFC044E00F985D0 /* OrderView.swift */ = {isa = PBXFileReference; lastKnownFileType = sourcecode.swift; path = OrderView.swift; sourceTree = "<group>"; };
		CB25CB6E2AFC10B700F985D0 /* Appetizer.swift */ = {isa = PBXFileReference; lastKnownFileType = sourcecode.swift; path = Appetizer.swift; sourceTree = "<group>"; };
		CB25CB702AFC19F100F985D0 /* AppetizerListCell.swift */ = {isa = PBXFileReference; lastKnownFileType = sourcecode.swift; path = AppetizerListCell.swift; sourceTree = "<group>"; };
		CB25CB722AFC1B2F00F985D0 /* NetworkManager.swift */ = {isa = PBXFileReference; lastKnownFileType = sourcecode.swift; path = NetworkManager.swift; sourceTree = "<group>"; };
		CB25CB742AFC1C4B00F985D0 /* APError.swift */ = {isa = PBXFileReference; lastKnownFileType = sourcecode.swift; path = APError.swift; sourceTree = "<group>"; };
		CB25CB762AFC242C00F985D0 /* AppetizerListViewModel.swift */ = {isa = PBXFileReference; lastKnownFileType = sourcecode.swift; path = AppetizerListViewModel.swift; sourceTree = "<group>"; };
		CB25CB782AFC272900F985D0 /* Alert.swift */ = {isa = PBXFileReference; lastKnownFileType = sourcecode.swift; path = Alert.swift; sourceTree = "<group>"; };
		CB25CB7A2AFC2C9A00F985D0 /* LoadingView.swift */ = {isa = PBXFileReference; lastKnownFileType = sourcecode.swift; path = LoadingView.swift; sourceTree = "<group>"; };
		CB25CB7C2AFC2D6A00F985D0 /* Color+Ext.swift */ = {isa = PBXFileReference; lastKnownFileType = sourcecode.swift; path = "Color+Ext.swift"; sourceTree = "<group>"; };
		CBAC140E2B0014DA00DDB73F /* RemoteImage.swift */ = {isa = PBXFileReference; lastKnownFileType = sourcecode.swift; path = RemoteImage.swift; sourceTree = "<group>"; };
		CBAC141D2B001D7400DDB73F /* AppetizerDetailView.swift */ = {isa = PBXFileReference; lastKnownFileType = sourcecode.swift; path = AppetizerDetailView.swift; sourceTree = "<group>"; };
		CBAC14202B002C6600DDB73F /* APButton.swift */ = {isa = PBXFileReference; lastKnownFileType = sourcecode.swift; path = APButton.swift; sourceTree = "<group>"; };
		CBAC14222B002D7B00DDB73F /* XDismissButton.swift */ = {isa = PBXFileReference; lastKnownFileType = sourcecode.swift; path = XDismissButton.swift; sourceTree = "<group>"; };
		CBAC14242B0034B000DDB73F /* AccountViewModel.swift */ = {isa = PBXFileReference; lastKnownFileType = sourcecode.swift; path = AccountViewModel.swift; sourceTree = "<group>"; };
		CBAC14262B00369A00DDB73F /* String+Ext.swift */ = {isa = PBXFileReference; lastKnownFileType = sourcecode.swift; path = "String+Ext.swift"; sourceTree = "<group>"; };
		CBAC14282B00619300DDB73F /* User.swift */ = {isa = PBXFileReference; lastKnownFileType = sourcecode.swift; path = User.swift; sourceTree = "<group>"; };
		CBAC142B2B00741500DDB73F /* EmptyState.swift */ = {isa = PBXFileReference; lastKnownFileType = sourcecode.swift; path = EmptyState.swift; sourceTree = "<group>"; };
		CBAC142D2B00774C00DDB73F /* Order.swift */ = {isa = PBXFileReference; lastKnownFileType = sourcecode.swift; path = Order.swift; sourceTree = "<group>"; };
/* End PBXFileReference section */

/* Begin PBXFrameworksBuildPhase section */
		CB25CB542AFC034100F985D0 /* Frameworks */ = {
			isa = PBXFrameworksBuildPhase;
			buildActionMask = 2147483647;
			files = (
			);
			runOnlyForDeploymentPostprocessing = 0;
		};
/* End PBXFrameworksBuildPhase section */

/* Begin PBXGroup section */
		CB25CB4E2AFC034100F985D0 = {
			isa = PBXGroup;
			children = (
				CB25CB592AFC034200F985D0 /* Appetizers */,
				CB25CB582AFC034100F985D0 /* Products */,
			);
			sourceTree = "<group>";
		};
		CB25CB582AFC034100F985D0 /* Products */ = {
			isa = PBXGroup;
			children = (
				CB25CB572AFC034100F985D0 /* Appetizers.app */,
			);
			name = Products;
			sourceTree = "<group>";
		};
		CB25CB592AFC034200F985D0 /* Appetizers */ = {
			isa = PBXGroup;
			children = (
				CBAC14182B001BAA00DDB73F /* Model */,
				CBAC14152B001B3900DDB73F /* Utilities */,
				CBAC14192B001BEA00DDB73F /* Views */,
				CBAC14102B001AA800DDB73F /* Screens */,
				CB25CB5A2AFC034200F985D0 /* AppetizersApp.swift */,
				CB25CB5E2AFC034500F985D0 /* Assets.xcassets */,
				CB25CB602AFC034500F985D0 /* Preview Content */,
			);
			path = Appetizers;
			sourceTree = "<group>";
		};
		CB25CB602AFC034500F985D0 /* Preview Content */ = {
			isa = PBXGroup;
			children = (
				CB25CB612AFC034500F985D0 /* Preview Assets.xcassets */,
			);
			path = "Preview Content";
			sourceTree = "<group>";
		};
		CBAC14102B001AA800DDB73F /* Screens */ = {
			isa = PBXGroup;
			children = (
				CB25CB5C2AFC034200F985D0 /* AppetizerTabView.swift */,
				CBAC14112B001ABA00DDB73F /* AppetizerListView */,
				CBAC14122B001ACD00DDB73F /* AccountView */,
				CBAC14132B001AD600DDB73F /* OrderView */,
			);
			path = Screens;
			sourceTree = "<group>";
		};
		CBAC14112B001ABA00DDB73F /* AppetizerListView */ = {
			isa = PBXGroup;
			children = (
				CB25CB762AFC242C00F985D0 /* AppetizerListViewModel.swift */,
				CB25CB682AFC041D00F985D0 /* AppetizerListView.swift */,
				CBAC141D2B001D7400DDB73F /* AppetizerDetailView.swift */,
			);
			path = AppetizerListView;
			sourceTree = "<group>";
		};
		CBAC14122B001ACD00DDB73F /* AccountView */ = {
			isa = PBXGroup;
			children = (
				CB25CB6A2AFC043100F985D0 /* AccountView.swift */,
				CBAC14242B0034B000DDB73F /* AccountViewModel.swift */,
			);
			path = AccountView;
			sourceTree = "<group>";
		};
		CBAC14132B001AD600DDB73F /* OrderView */ = {
			isa = PBXGroup;
			children = (
				CB25CB6C2AFC044E00F985D0 /* OrderView.swift */,
			);
			path = OrderView;
			sourceTree = "<group>";
		};
		CBAC14142B001B2700DDB73F /* Managers */ = {
			isa = PBXGroup;
			children = (
				CB25CB722AFC1B2F00F985D0 /* NetworkManager.swift */,
			);
			path = Managers;
			sourceTree = "<group>";
		};
		CBAC14152B001B3900DDB73F /* Utilities */ = {
			isa = PBXGroup;
			children = (
				CBAC14172B001B8100DDB73F /* Alerts */,
				CBAC14162B001B4800DDB73F /* Extentions */,
				CBAC14142B001B2700DDB73F /* Managers */,
			);
			path = Utilities;
			sourceTree = "<group>";
		};
		CBAC14162B001B4800DDB73F /* Extentions */ = {
			isa = PBXGroup;
			children = (
				CB25CB7C2AFC2D6A00F985D0 /* Color+Ext.swift */,
				CBAC14262B00369A00DDB73F /* String+Ext.swift */,
			);
			path = Extentions;
			sourceTree = "<group>";
		};
		CBAC14172B001B8100DDB73F /* Alerts */ = {
			isa = PBXGroup;
			children = (
				CB25CB742AFC1C4B00F985D0 /* APError.swift */,
				CB25CB782AFC272900F985D0 /* Alert.swift */,
			);
			path = Alerts;
			sourceTree = "<group>";
		};
		CBAC14182B001BAA00DDB73F /* Model */ = {
			isa = PBXGroup;
			children = (
				CB25CB6E2AFC10B700F985D0 /* Appetizer.swift */,
				CBAC14282B00619300DDB73F /* User.swift */,
				CBAC142D2B00774C00DDB73F /* Order.swift */,
			);
			path = Model;
			sourceTree = "<group>";
		};
		CBAC14192B001BEA00DDB73F /* Views */ = {
			isa = PBXGroup;
			children = (
				CBAC142A2B0073F800DDB73F /* Empty States */,
				CBAC141F2B002C3300DDB73F /* Buttons */,
				CBAC141C2B001C0900DDB73F /* Image */,
				CBAC141B2B001C0400DDB73F /* Cells */,
				CBAC141A2B001BF100DDB73F /* UIKit Components */,
			);
			path = Views;
			sourceTree = "<group>";
		};
		CBAC141A2B001BF100DDB73F /* UIKit Components */ = {
			isa = PBXGroup;
			children = (
				CB25CB7A2AFC2C9A00F985D0 /* LoadingView.swift */,
			);
			path = "UIKit Components";
			sourceTree = "<group>";
		};
		CBAC141B2B001C0400DDB73F /* Cells */ = {
			isa = PBXGroup;
			children = (
				CB25CB702AFC19F100F985D0 /* AppetizerListCell.swift */,
			);
			path = Cells;
			sourceTree = "<group>";
		};
		CBAC141C2B001C0900DDB73F /* Image */ = {
			isa = PBXGroup;
			children = (
				CBAC140E2B0014DA00DDB73F /* RemoteImage.swift */,
			);
			path = Image;
			sourceTree = "<group>";
		};
		CBAC141F2B002C3300DDB73F /* Buttons */ = {
			isa = PBXGroup;
			children = (
				CBAC14202B002C6600DDB73F /* APButton.swift */,
				CBAC14222B002D7B00DDB73F /* XDismissButton.swift */,
			);
			path = Buttons;
			sourceTree = "<group>";
		};
		CBAC142A2B0073F800DDB73F /* Empty States */ = {
			isa = PBXGroup;
			children = (
				CBAC142B2B00741500DDB73F /* EmptyState.swift */,
			);
			path = "Empty States";
			sourceTree = "<group>";
		};
/* End PBXGroup section */

/* Begin PBXNativeTarget section */
		CB25CB562AFC034100F985D0 /* Appetizers */ = {
			isa = PBXNativeTarget;
			buildConfigurationList = CB25CB652AFC034500F985D0 /* Build configuration list for PBXNativeTarget "Appetizers" */;
			buildPhases = (
				CB25CB532AFC034100F985D0 /* Sources */,
				CB25CB542AFC034100F985D0 /* Frameworks */,
				CB25CB552AFC034100F985D0 /* Resources */,
			);
			buildRules = (
			);
			dependencies = (
			);
			name = Appetizers;
			productName = Appetizers;
			productReference = CB25CB572AFC034100F985D0 /* Appetizers.app */;
			productType = "com.apple.product-type.application";
		};
/* End PBXNativeTarget section */

/* Begin PBXProject section */
		CB25CB4F2AFC034100F985D0 /* Project object */ = {
			isa = PBXProject;
			attributes = {
				BuildIndependentTargetsInParallel = 1;
				LastSwiftUpdateCheck = 1500;
				LastUpgradeCheck = 1500;
				TargetAttributes = {
					CB25CB562AFC034100F985D0 = {
						CreatedOnToolsVersion = 15.0.1;
					};
				};
			};
			buildConfigurationList = CB25CB522AFC034100F985D0 /* Build configuration list for PBXProject "Appetizers" */;
			compatibilityVersion = "Xcode 14.0";
			developmentRegion = en;
			hasScannedForEncodings = 0;
			knownRegions = (
				en,
				Base,
			);
			mainGroup = CB25CB4E2AFC034100F985D0;
			productRefGroup = CB25CB582AFC034100F985D0 /* Products */;
			projectDirPath = "";
			projectRoot = "";
			targets = (
				CB25CB562AFC034100F985D0 /* Appetizers */,
			);
		};
/* End PBXProject section */

/* Begin PBXResourcesBuildPhase section */
		CB25CB552AFC034100F985D0 /* Resources */ = {
			isa = PBXResourcesBuildPhase;
			buildActionMask = 2147483647;
			files = (
				CB25CB622AFC034500F985D0 /* Preview Assets.xcassets in Resources */,
				CB25CB5F2AFC034500F985D0 /* Assets.xcassets in Resources */,
			);
			runOnlyForDeploymentPostprocessing = 0;
		};
/* End PBXResourcesBuildPhase section */

/* Begin PBXSourcesBuildPhase section */
		CB25CB532AFC034100F985D0 /* Sources */ = {
			isa = PBXSourcesBuildPhase;
			buildActionMask = 2147483647;
			files = (
				CB25CB6F2AFC10B700F985D0 /* Appetizer.swift in Sources */,
				CB25CB752AFC1C4B00F985D0 /* APError.swift in Sources */,
				CBAC14232B002D7B00DDB73F /* XDismissButton.swift in Sources */,
				CB25CB712AFC19F200F985D0 /* AppetizerListCell.swift in Sources */,
				CBAC142E2B00774C00DDB73F /* Order.swift in Sources */,
				CBAC14252B0034B000DDB73F /* AccountViewModel.swift in Sources */,
				CB25CB772AFC242C00F985D0 /* AppetizerListViewModel.swift in Sources */,
				CB25CB7D2AFC2D6A00F985D0 /* Color+Ext.swift in Sources */,
				CB25CB6B2AFC043100F985D0 /* AccountView.swift in Sources */,
				CBAC14292B00619300DDB73F /* User.swift in Sources */,
				CBAC14212B002C6600DDB73F /* APButton.swift in Sources */,
				CB25CB7B2AFC2C9A00F985D0 /* LoadingView.swift in Sources */,
				CB25CB5D2AFC034200F985D0 /* AppetizerTabView.swift in Sources */,
				CB25CB732AFC1B2F00F985D0 /* NetworkManager.swift in Sources */,
				CBAC140F2B0014DA00DDB73F /* RemoteImage.swift in Sources */,
				CBAC14272B00369A00DDB73F /* String+Ext.swift in Sources */,
				CBAC142C2B00741500DDB73F /* EmptyState.swift in Sources */,
				CBAC141E2B001D7400DDB73F /* AppetizerDetailView.swift in Sources */,
				CB25CB5B2AFC034200F985D0 /* AppetizersApp.swift in Sources */,
				CB25CB792AFC272900F985D0 /* Alert.swift in Sources */,
				CB25CB692AFC041D00F985D0 /* AppetizerListView.swift in Sources */,
				CB25CB6D2AFC044E00F985D0 /* OrderView.swift in Sources */,
			);
			runOnlyForDeploymentPostprocessing = 0;
		};
/* End PBXSourcesBuildPhase section */

/* Begin XCBuildConfiguration section */
		CB25CB632AFC034500F985D0 /* Debug */ = {
			isa = XCBuildConfiguration;
			buildSettings = {
				ALWAYS_SEARCH_USER_PATHS = NO;
				ASSETCATALOG_COMPILER_GENERATE_SWIFT_ASSET_SYMBOL_EXTENSIONS = YES;
				CLANG_ANALYZER_NONNULL = YES;
				CLANG_ANALYZER_NUMBER_OBJECT_CONVERSION = YES_AGGRESSIVE;
				CLANG_CXX_LANGUAGE_STANDARD = "gnu++20";
				CLANG_ENABLE_MODULES = YES;
				CLANG_ENABLE_OBJC_ARC = YES;
				CLANG_ENABLE_OBJC_WEAK = YES;
				CLANG_WARN_BLOCK_CAPTURE_AUTORELEASING = YES;
				CLANG_WARN_BOOL_CONVERSION = YES;
				CLANG_WARN_COMMA = YES;
				CLANG_WARN_CONSTANT_CONVERSION = YES;
				CLANG_WARN_DEPRECATED_OBJC_IMPLEMENTATIONS = YES;
				CLANG_WARN_DIRECT_OBJC_ISA_USAGE = YES_ERROR;
				CLANG_WARN_DOCUMENTATION_COMMENTS = YES;
				CLANG_WARN_EMPTY_BODY = YES;
				CLANG_WARN_ENUM_CONVERSION = YES;
				CLANG_WARN_INFINITE_RECURSION = YES;
				CLANG_WARN_INT_CONVERSION = YES;
				CLANG_WARN_NON_LITERAL_NULL_CONVERSION = YES;
				CLANG_WARN_OBJC_IMPLICIT_RETAIN_SELF = YES;
				CLANG_WARN_OBJC_LITERAL_CONVERSION = YES;
				CLANG_WARN_OBJC_ROOT_CLASS = YES_ERROR;
				CLANG_WARN_QUOTED_INCLUDE_IN_FRAMEWORK_HEADER = YES;
				CLANG_WARN_RANGE_LOOP_ANALYSIS = YES;
				CLANG_WARN_STRICT_PROTOTYPES = YES;
				CLANG_WARN_SUSPICIOUS_MOVE = YES;
				CLANG_WARN_UNGUARDED_AVAILABILITY = YES_AGGRESSIVE;
				CLANG_WARN_UNREACHABLE_CODE = YES;
				CLANG_WARN__DUPLICATE_METHOD_MATCH = YES;
				COPY_PHASE_STRIP = NO;
				DEBUG_INFORMATION_FORMAT = dwarf;
				ENABLE_STRICT_OBJC_MSGSEND = YES;
				ENABLE_TESTABILITY = YES;
				ENABLE_USER_SCRIPT_SANDBOXING = YES;
				GCC_C_LANGUAGE_STANDARD = gnu17;
				GCC_DYNAMIC_NO_PIC = NO;
				GCC_NO_COMMON_BLOCKS = YES;
				GCC_OPTIMIZATION_LEVEL = 0;
				GCC_PREPROCESSOR_DEFINITIONS = (
					"DEBUG=1",
					"$(inherited)",
				);
				GCC_WARN_64_TO_32_BIT_CONVERSION = YES;
				GCC_WARN_ABOUT_RETURN_TYPE = YES_ERROR;
				GCC_WARN_UNDECLARED_SELECTOR = YES;
				GCC_WARN_UNINITIALIZED_AUTOS = YES_AGGRESSIVE;
				GCC_WARN_UNUSED_FUNCTION = YES;
				GCC_WARN_UNUSED_VARIABLE = YES;
				IPHONEOS_DEPLOYMENT_TARGET = 17.0;
				LOCALIZATION_PREFERS_STRING_CATALOGS = YES;
				MTL_ENABLE_DEBUG_INFO = INCLUDE_SOURCE;
				MTL_FAST_MATH = YES;
				ONLY_ACTIVE_ARCH = YES;
				SDKROOT = iphoneos;
				SWIFT_ACTIVE_COMPILATION_CONDITIONS = "DEBUG $(inherited)";
				SWIFT_OPTIMIZATION_LEVEL = "-Onone";
			};
			name = Debug;
		};
		CB25CB642AFC034500F985D0 /* Release */ = {
			isa = XCBuildConfiguration;
			buildSettings = {
				ALWAYS_SEARCH_USER_PATHS = NO;
				ASSETCATALOG_COMPILER_GENERATE_SWIFT_ASSET_SYMBOL_EXTENSIONS = YES;
				CLANG_ANALYZER_NONNULL = YES;
				CLANG_ANALYZER_NUMBER_OBJECT_CONVERSION = YES_AGGRESSIVE;
				CLANG_CXX_LANGUAGE_STANDARD = "gnu++20";
				CLANG_ENABLE_MODULES = YES;
				CLANG_ENABLE_OBJC_ARC = YES;
				CLANG_ENABLE_OBJC_WEAK = YES;
				CLANG_WARN_BLOCK_CAPTURE_AUTORELEASING = YES;
				CLANG_WARN_BOOL_CONVERSION = YES;
				CLANG_WARN_COMMA = YES;
				CLANG_WARN_CONSTANT_CONVERSION = YES;
				CLANG_WARN_DEPRECATED_OBJC_IMPLEMENTATIONS = YES;
				CLANG_WARN_DIRECT_OBJC_ISA_USAGE = YES_ERROR;
				CLANG_WARN_DOCUMENTATION_COMMENTS = YES;
				CLANG_WARN_EMPTY_BODY = YES;
				CLANG_WARN_ENUM_CONVERSION = YES;
				CLANG_WARN_INFINITE_RECURSION = YES;
				CLANG_WARN_INT_CONVERSION = YES;
				CLANG_WARN_NON_LITERAL_NULL_CONVERSION = YES;
				CLANG_WARN_OBJC_IMPLICIT_RETAIN_SELF = YES;
				CLANG_WARN_OBJC_LITERAL_CONVERSION = YES;
				CLANG_WARN_OBJC_ROOT_CLASS = YES_ERROR;
				CLANG_WARN_QUOTED_INCLUDE_IN_FRAMEWORK_HEADER = YES;
				CLANG_WARN_RANGE_LOOP_ANALYSIS = YES;
				CLANG_WARN_STRICT_PROTOTYPES = YES;
				CLANG_WARN_SUSPICIOUS_MOVE = YES;
				CLANG_WARN_UNGUARDED_AVAILABILITY = YES_AGGRESSIVE;
				CLANG_WARN_UNREACHABLE_CODE = YES;
				CLANG_WARN__DUPLICATE_METHOD_MATCH = YES;
				COPY_PHASE_STRIP = NO;
				DEBUG_INFORMATION_FORMAT = "dwarf-with-dsym";
				ENABLE_NS_ASSERTIONS = NO;
				ENABLE_STRICT_OBJC_MSGSEND = YES;
				ENABLE_USER_SCRIPT_SANDBOXING = YES;
				GCC_C_LANGUAGE_STANDARD = gnu17;
				GCC_NO_COMMON_BLOCKS = YES;
				GCC_WARN_64_TO_32_BIT_CONVERSION = YES;
				GCC_WARN_ABOUT_RETURN_TYPE = YES_ERROR;
				GCC_WARN_UNDECLARED_SELECTOR = YES;
				GCC_WARN_UNINITIALIZED_AUTOS = YES_AGGRESSIVE;
				GCC_WARN_UNUSED_FUNCTION = YES;
				GCC_WARN_UNUSED_VARIABLE = YES;
				IPHONEOS_DEPLOYMENT_TARGET = 17.0;
				LOCALIZATION_PREFERS_STRING_CATALOGS = YES;
				MTL_ENABLE_DEBUG_INFO = NO;
				MTL_FAST_MATH = YES;
				SDKROOT = iphoneos;
				SWIFT_COMPILATION_MODE = wholemodule;
				VALIDATE_PRODUCT = YES;
			};
			name = Release;
		};
		CB25CB662AFC034500F985D0 /* Debug */ = {
			isa = XCBuildConfiguration;
			buildSettings = {
				ASSETCATALOG_COMPILER_APPICON_NAME = AppIcon;
				ASSETCATALOG_COMPILER_GLOBAL_ACCENT_COLOR_NAME = AccentColor;
				CODE_SIGN_STYLE = Automatic;
				CURRENT_PROJECT_VERSION = 1;
				DEVELOPMENT_ASSET_PATHS = "\"Appetizers/Preview Content\"";
				DEVELOPMENT_TEAM = 4P897873TK;
				ENABLE_PREVIEWS = YES;
				GENERATE_INFOPLIST_FILE = YES;
				INFOPLIST_KEY_UIApplicationSceneManifest_Generation = YES;
				INFOPLIST_KEY_UIApplicationSupportsIndirectInputEvents = YES;
				INFOPLIST_KEY_UILaunchScreen_Generation = YES;
				INFOPLIST_KEY_UISupportedInterfaceOrientations_iPad = "UIInterfaceOrientationPortrait UIInterfaceOrientationPortraitUpsideDown UIInterfaceOrientationLandscapeLeft UIInterfaceOrientationLandscapeRight";
				INFOPLIST_KEY_UISupportedInterfaceOrientations_iPhone = "UIInterfaceOrientationPortrait UIInterfaceOrientationLandscapeLeft UIInterfaceOrientationLandscapeRight";
				LD_RUNPATH_SEARCH_PATHS = (
					"$(inherited)",
					"@executable_path/Frameworks",
				);
				MARKETING_VERSION = 1.0;
				PRODUCT_BUNDLE_IDENTIFIER = com.smit.Appetizers;
				PRODUCT_NAME = "$(TARGET_NAME)";
				SWIFT_EMIT_LOC_STRINGS = YES;
				SWIFT_VERSION = 5.0;
				TARGETED_DEVICE_FAMILY = "1,2";
			};
			name = Debug;
		};
		CB25CB672AFC034500F985D0 /* Release */ = {
			isa = XCBuildConfiguration;
			buildSettings = {
				ASSETCATALOG_COMPILER_APPICON_NAME = AppIcon;
				ASSETCATALOG_COMPILER_GLOBAL_ACCENT_COLOR_NAME = AccentColor;
				CODE_SIGN_STYLE = Automatic;
				CURRENT_PROJECT_VERSION = 1;
				DEVELOPMENT_ASSET_PATHS = "\"Appetizers/Preview Content\"";
				DEVELOPMENT_TEAM = 4P897873TK;
				ENABLE_PREVIEWS = YES;
				GENERATE_INFOPLIST_FILE = YES;
				INFOPLIST_KEY_UIApplicationSceneManifest_Generation = YES;
				INFOPLIST_KEY_UIApplicationSupportsIndirectInputEvents = YES;
				INFOPLIST_KEY_UILaunchScreen_Generation = YES;
				INFOPLIST_KEY_UISupportedInterfaceOrientations_iPad = "UIInterfaceOrientationPortrait UIInterfaceOrientationPortraitUpsideDown UIInterfaceOrientationLandscapeLeft UIInterfaceOrientationLandscapeRight";
				INFOPLIST_KEY_UISupportedInterfaceOrientations_iPhone = "UIInterfaceOrientationPortrait UIInterfaceOrientationLandscapeLeft UIInterfaceOrientationLandscapeRight";
				LD_RUNPATH_SEARCH_PATHS = (
					"$(inherited)",
					"@executable_path/Frameworks",
				);
				MARKETING_VERSION = 1.0;
				PRODUCT_BUNDLE_IDENTIFIER = com.smit.Appetizers;
				PRODUCT_NAME = "$(TARGET_NAME)";
				SWIFT_EMIT_LOC_STRINGS = YES;
				SWIFT_VERSION = 5.0;
				TARGETED_DEVICE_FAMILY = "1,2";
			};
			name = Release;
		};
/* End XCBuildConfiguration section */

/* Begin XCConfigurationList section */
		CB25CB522AFC034100F985D0 /* Build configuration list for PBXProject "Appetizers" */ = {
			isa = XCConfigurationList;
			buildConfigurations = (
				CB25CB632AFC034500F985D0 /* Debug */,
				CB25CB642AFC034500F985D0 /* Release */,
			);
			defaultConfigurationIsVisible = 0;
			defaultConfigurationName = Release;
		};
		CB25CB652AFC034500F985D0 /* Build configuration list for PBXNativeTarget "Appetizers" */ = {
			isa = XCConfigurationList;
			buildConfigurations = (
				CB25CB662AFC034500F985D0 /* Debug */,
				CB25CB672AFC034500F985D0 /* Release */,
			);
			defaultConfigurationIsVisible = 0;
			defaultConfigurationName = Release;
		};
/* End XCConfigurationList section */
	};
	rootObject = CB25CB4F2AFC034100F985D0 /* Project object */;
}
